// !$*UTF8*$!
{
	archiveVersion = 1;
	classes = {
	};
	objectVersion = 56;
	objects = {

/* Begin PBXBuildFile section */
		9A27D4692B30371100F8ABFE /* AppDelegate.swift in Sources */ = {isa = PBXBuildFile; fileRef = 9A27D4682B30371100F8ABFE /* AppDelegate.swift */; };
		9A27D46D2B30371100F8ABFE /* Actions.sks in Resources */ = {isa = PBXBuildFile; fileRef = 9A27D46C2B30371100F8ABFE /* Actions.sks */; };
		9A27D46F2B30371100F8ABFE /* GameScene.swift in Sources */ = {isa = PBXBuildFile; fileRef = 9A27D46E2B30371100F8ABFE /* GameScene.swift */; };
		9A27D4712B30371100F8ABFE /* GameViewController.swift in Sources */ = {isa = PBXBuildFile; fileRef = 9A27D4702B30371100F8ABFE /* GameViewController.swift */; };
		9A27D4742B30371100F8ABFE /* Main.storyboard in Resources */ = {isa = PBXBuildFile; fileRef = 9A27D4722B30371100F8ABFE /* Main.storyboard */; };
		9A27D4762B30371400F8ABFE /* Assets.xcassets in Resources */ = {isa = PBXBuildFile; fileRef = 9A27D4752B30371400F8ABFE /* Assets.xcassets */; };
		9A27D4792B30371400F8ABFE /* LaunchScreen.storyboard in Resources */ = {isa = PBXBuildFile; fileRef = 9A27D4772B30371400F8ABFE /* LaunchScreen.storyboard */; };
		9A27D4832B30371500F8ABFE /* Highway_GameTests.swift in Sources */ = {isa = PBXBuildFile; fileRef = 9A27D4822B30371500F8ABFE /* Highway_GameTests.swift */; };
		9A27D48D2B30371500F8ABFE /* Highway_GameUITests.swift in Sources */ = {isa = PBXBuildFile; fileRef = 9A27D48C2B30371500F8ABFE /* Highway_GameUITests.swift */; };
		9A27D48F2B30371500F8ABFE /* Highway_GameUITestsLaunchTests.swift in Sources */ = {isa = PBXBuildFile; fileRef = 9A27D48E2B30371500F8ABFE /* Highway_GameUITestsLaunchTests.swift */; };
		9A325F602B3283380034120F /* MainMenuScene.swift in Sources */ = {isa = PBXBuildFile; fileRef = 9A325F5F2B3283380034120F /* MainMenuScene.swift */; };
		9A325F622B3283E50034120F /* Tools.swift in Sources */ = {isa = PBXBuildFile; fileRef = 9A325F612B3283E50034120F /* Tools.swift */; };
		9AB7E2FC2B3394EB004E83A7 /* GameGenerator.swift in Sources */ = {isa = PBXBuildFile; fileRef = 9AB7E2FB2B3394EA004E83A7 /* GameGenerator.swift */; };
		9AB7E2FE2B3397DA004E83A7 /* GameTools.swift in Sources */ = {isa = PBXBuildFile; fileRef = 9AB7E2FD2B3397DA004E83A7 /* GameTools.swift */; };
		9AFA12212B38C7FC004E0E30 /* GameModesScene.swift in Sources */ = {isa = PBXBuildFile; fileRef = 9AFA12202B38C7FC004E0E30 /* GameModesScene.swift */; };
/* End PBXBuildFile section */

/* Begin PBXContainerItemProxy section */
		9A27D47F2B30371500F8ABFE /* PBXContainerItemProxy */ = {
			isa = PBXContainerItemProxy;
			containerPortal = 9A27D45D2B30371000F8ABFE /* Project object */;
			proxyType = 1;
			remoteGlobalIDString = 9A27D4642B30371000F8ABFE;
			remoteInfo = "Highway Game";
		};
		9A27D4892B30371500F8ABFE /* PBXContainerItemProxy */ = {
			isa = PBXContainerItemProxy;
			containerPortal = 9A27D45D2B30371000F8ABFE /* Project object */;
			proxyType = 1;
			remoteGlobalIDString = 9A27D4642B30371000F8ABFE;
			remoteInfo = "Highway Game";
		};
/* End PBXContainerItemProxy section */

/* Begin PBXFileReference section */
		9A27D4652B30371100F8ABFE /* Highway Game.app */ = {isa = PBXFileReference; explicitFileType = wrapper.application; includeInIndex = 0; path = "Highway Game.app"; sourceTree = BUILT_PRODUCTS_DIR; };
		9A27D4682B30371100F8ABFE /* AppDelegate.swift */ = {isa = PBXFileReference; lastKnownFileType = sourcecode.swift; path = AppDelegate.swift; sourceTree = "<group>"; };
		9A27D46C2B30371100F8ABFE /* Actions.sks */ = {isa = PBXFileReference; lastKnownFileType = file.sks; path = Actions.sks; sourceTree = "<group>"; };
		9A27D46E2B30371100F8ABFE /* GameScene.swift */ = {isa = PBXFileReference; lastKnownFileType = sourcecode.swift; path = GameScene.swift; sourceTree = "<group>"; };
		9A27D4702B30371100F8ABFE /* GameViewController.swift */ = {isa = PBXFileReference; lastKnownFileType = sourcecode.swift; path = GameViewController.swift; sourceTree = "<group>"; };
		9A27D4732B30371100F8ABFE /* Base */ = {isa = PBXFileReference; lastKnownFileType = file.storyboard; name = Base; path = Base.lproj/Main.storyboard; sourceTree = "<group>"; };
		9A27D4752B30371400F8ABFE /* Assets.xcassets */ = {isa = PBXFileReference; lastKnownFileType = folder.assetcatalog; path = Assets.xcassets; sourceTree = "<group>"; };
		9A27D4782B30371400F8ABFE /* Base */ = {isa = PBXFileReference; lastKnownFileType = file.storyboard; name = Base; path = Base.lproj/LaunchScreen.storyboard; sourceTree = "<group>"; };
		9A27D47E2B30371500F8ABFE /* Highway GameTests.xctest */ = {isa = PBXFileReference; explicitFileType = wrapper.cfbundle; includeInIndex = 0; path = "Highway GameTests.xctest"; sourceTree = BUILT_PRODUCTS_DIR; };
		9A27D4822B30371500F8ABFE /* Highway_GameTests.swift */ = {isa = PBXFileReference; lastKnownFileType = sourcecode.swift; path = Highway_GameTests.swift; sourceTree = "<group>"; };
		9A27D4882B30371500F8ABFE /* Highway GameUITests.xctest */ = {isa = PBXFileReference; explicitFileType = wrapper.cfbundle; includeInIndex = 0; path = "Highway GameUITests.xctest"; sourceTree = BUILT_PRODUCTS_DIR; };
		9A27D48C2B30371500F8ABFE /* Highway_GameUITests.swift */ = {isa = PBXFileReference; lastKnownFileType = sourcecode.swift; path = Highway_GameUITests.swift; sourceTree = "<group>"; };
		9A27D48E2B30371500F8ABFE /* Highway_GameUITestsLaunchTests.swift */ = {isa = PBXFileReference; lastKnownFileType = sourcecode.swift; path = Highway_GameUITestsLaunchTests.swift; sourceTree = "<group>"; };
		9A325F5F2B3283380034120F /* MainMenuScene.swift */ = {isa = PBXFileReference; lastKnownFileType = sourcecode.swift; path = MainMenuScene.swift; sourceTree = "<group>"; };
		9A325F612B3283E50034120F /* Tools.swift */ = {isa = PBXFileReference; lastKnownFileType = sourcecode.swift; path = Tools.swift; sourceTree = "<group>"; };
		9AB7E2FB2B3394EA004E83A7 /* GameGenerator.swift */ = {isa = PBXFileReference; lastKnownFileType = sourcecode.swift; path = GameGenerator.swift; sourceTree = "<group>"; };
		9AB7E2FD2B3397DA004E83A7 /* GameTools.swift */ = {isa = PBXFileReference; lastKnownFileType = sourcecode.swift; path = GameTools.swift; sourceTree = "<group>"; };
		9AFA12202B38C7FC004E0E30 /* GameModesScene.swift */ = {isa = PBXFileReference; lastKnownFileType = sourcecode.swift; path = GameModesScene.swift; sourceTree = "<group>"; };
/* End PBXFileReference section */

/* Begin PBXFrameworksBuildPhase section */
		9A27D4622B30371000F8ABFE /* Frameworks */ = {
			isa = PBXFrameworksBuildPhase;
			buildActionMask = 2147483647;
			files = (
			);
			runOnlyForDeploymentPostprocessing = 0;
		};
		9A27D47B2B30371500F8ABFE /* Frameworks */ = {
			isa = PBXFrameworksBuildPhase;
			buildActionMask = 2147483647;
			files = (
			);
			runOnlyForDeploymentPostprocessing = 0;
		};
		9A27D4852B30371500F8ABFE /* Frameworks */ = {
			isa = PBXFrameworksBuildPhase;
			buildActionMask = 2147483647;
			files = (
			);
			runOnlyForDeploymentPostprocessing = 0;
		};
/* End PBXFrameworksBuildPhase section */

/* Begin PBXGroup section */
		9A27D45C2B30371000F8ABFE = {
			isa = PBXGroup;
			children = (
				9A27D4672B30371100F8ABFE /* Highway Game */,
				9A27D4812B30371500F8ABFE /* Highway GameTests */,
				9A27D48B2B30371500F8ABFE /* Highway GameUITests */,
				9A27D4662B30371100F8ABFE /* Products */,
			);
			sourceTree = "<group>";
		};
		9A27D4662B30371100F8ABFE /* Products */ = {
			isa = PBXGroup;
			children = (
				9A27D4652B30371100F8ABFE /* Highway Game.app */,
				9A27D47E2B30371500F8ABFE /* Highway GameTests.xctest */,
				9A27D4882B30371500F8ABFE /* Highway GameUITests.xctest */,
			);
			name = Products;
			sourceTree = "<group>";
		};
		9A27D4672B30371100F8ABFE /* Highway Game */ = {
			isa = PBXGroup;
			children = (
				9A27D4682B30371100F8ABFE /* AppDelegate.swift */,
				9A27D4722B30371100F8ABFE /* Main.storyboard */,
				9A27D4772B30371400F8ABFE /* LaunchScreen.storyboard */,
				9A27D46C2B30371100F8ABFE /* Actions.sks */,
				9AB7E2FB2B3394EA004E83A7 /* GameGenerator.swift */,
				9A27D46E2B30371100F8ABFE /* GameScene.swift */,
				9A325F5F2B3283380034120F /* MainMenuScene.swift */,
				9A27D4702B30371100F8ABFE /* GameViewController.swift */,
				9A325F612B3283E50034120F /* Tools.swift */,
				9AB7E2FD2B3397DA004E83A7 /* GameTools.swift */,
				9A27D4752B30371400F8ABFE /* Assets.xcassets */,
				9AFA12202B38C7FC004E0E30 /* GameModesScene.swift */,
			);
			path = "Highway Game";
			sourceTree = "<group>";
		};
		9A27D4812B30371500F8ABFE /* Highway GameTests */ = {
			isa = PBXGroup;
			children = (
				9A27D4822B30371500F8ABFE /* Highway_GameTests.swift */,
			);
			path = "Highway GameTests";
			sourceTree = "<group>";
		};
		9A27D48B2B30371500F8ABFE /* Highway GameUITests */ = {
			isa = PBXGroup;
			children = (
				9A27D48C2B30371500F8ABFE /* Highway_GameUITests.swift */,
				9A27D48E2B30371500F8ABFE /* Highway_GameUITestsLaunchTests.swift */,
			);
			path = "Highway GameUITests";
			sourceTree = "<group>";
		};
/* End PBXGroup section */

/* Begin PBXNativeTarget section */
		9A27D4642B30371000F8ABFE /* Highway Game */ = {
			isa = PBXNativeTarget;
			buildConfigurationList = 9A27D4922B30371500F8ABFE /* Build configuration list for PBXNativeTarget "Highway Game" */;
			buildPhases = (
				9A27D4612B30371000F8ABFE /* Sources */,
				9A27D4622B30371000F8ABFE /* Frameworks */,
				9A27D4632B30371000F8ABFE /* Resources */,
			);
			buildRules = (
			);
			dependencies = (
			);
			name = "Highway Game";
			productName = "Highway Game";
			productReference = 9A27D4652B30371100F8ABFE /* Highway Game.app */;
			productType = "com.apple.product-type.application";
		};
		9A27D47D2B30371500F8ABFE /* Highway GameTests */ = {
			isa = PBXNativeTarget;
			buildConfigurationList = 9A27D4952B30371500F8ABFE /* Build configuration list for PBXNativeTarget "Highway GameTests" */;
			buildPhases = (
				9A27D47A2B30371500F8ABFE /* Sources */,
				9A27D47B2B30371500F8ABFE /* Frameworks */,
				9A27D47C2B30371500F8ABFE /* Resources */,
			);
			buildRules = (
			);
			dependencies = (
				9A27D4802B30371500F8ABFE /* PBXTargetDependency */,
			);
			name = "Highway GameTests";
			productName = "Highway GameTests";
			productReference = 9A27D47E2B30371500F8ABFE /* Highway GameTests.xctest */;
			productType = "com.apple.product-type.bundle.unit-test";
		};
		9A27D4872B30371500F8ABFE /* Highway GameUITests */ = {
			isa = PBXNativeTarget;
			buildConfigurationList = 9A27D4982B30371500F8ABFE /* Build configuration list for PBXNativeTarget "Highway GameUITests" */;
			buildPhases = (
				9A27D4842B30371500F8ABFE /* Sources */,
				9A27D4852B30371500F8ABFE /* Frameworks */,
				9A27D4862B30371500F8ABFE /* Resources */,
			);
			buildRules = (
			);
			dependencies = (
				9A27D48A2B30371500F8ABFE /* PBXTargetDependency */,
			);
			name = "Highway GameUITests";
			productName = "Highway GameUITests";
			productReference = 9A27D4882B30371500F8ABFE /* Highway GameUITests.xctest */;
			productType = "com.apple.product-type.bundle.ui-testing";
		};
/* End PBXNativeTarget section */

/* Begin PBXProject section */
		9A27D45D2B30371000F8ABFE /* Project object */ = {
			isa = PBXProject;
			attributes = {
				BuildIndependentTargetsInParallel = 1;
				LastSwiftUpdateCheck = 1500;
				LastUpgradeCheck = 1500;
				TargetAttributes = {
					9A27D4642B30371000F8ABFE = {
						CreatedOnToolsVersion = 15.0.1;
					};
					9A27D47D2B30371500F8ABFE = {
						CreatedOnToolsVersion = 15.0.1;
						TestTargetID = 9A27D4642B30371000F8ABFE;
					};
					9A27D4872B30371500F8ABFE = {
						CreatedOnToolsVersion = 15.0.1;
						TestTargetID = 9A27D4642B30371000F8ABFE;
					};
				};
			};
			buildConfigurationList = 9A27D4602B30371000F8ABFE /* Build configuration list for PBXProject "Highway Game" */;
			compatibilityVersion = "Xcode 14.0";
			developmentRegion = en;
			hasScannedForEncodings = 0;
			knownRegions = (
				en,
				Base,
			);
			mainGroup = 9A27D45C2B30371000F8ABFE;
			productRefGroup = 9A27D4662B30371100F8ABFE /* Products */;
			projectDirPath = "";
			projectRoot = "";
			targets = (
				9A27D4642B30371000F8ABFE /* Highway Game */,
				9A27D47D2B30371500F8ABFE /* Highway GameTests */,
				9A27D4872B30371500F8ABFE /* Highway GameUITests */,
			);
		};
/* End PBXProject section */

/* Begin PBXResourcesBuildPhase section */
		9A27D4632B30371000F8ABFE /* Resources */ = {
			isa = PBXResourcesBuildPhase;
			buildActionMask = 2147483647;
			files = (
				9A27D4742B30371100F8ABFE /* Main.storyboard in Resources */,
				9A27D4762B30371400F8ABFE /* Assets.xcassets in Resources */,
				9A27D4792B30371400F8ABFE /* LaunchScreen.storyboard in Resources */,
				9A27D46D2B30371100F8ABFE /* Actions.sks in Resources */,
			);
			runOnlyForDeploymentPostprocessing = 0;
		};
		9A27D47C2B30371500F8ABFE /* Resources */ = {
			isa = PBXResourcesBuildPhase;
			buildActionMask = 2147483647;
			files = (
			);
			runOnlyForDeploymentPostprocessing = 0;
		};
		9A27D4862B30371500F8ABFE /* Resources */ = {
			isa = PBXResourcesBuildPhase;
			buildActionMask = 2147483647;
			files = (
			);
			runOnlyForDeploymentPostprocessing = 0;
		};
/* End PBXResourcesBuildPhase section */

/* Begin PBXSourcesBuildPhase section */
		9A27D4612B30371000F8ABFE /* Sources */ = {
			isa = PBXSourcesBuildPhase;
			buildActionMask = 2147483647;
			files = (
				9A27D46F2B30371100F8ABFE /* GameScene.swift in Sources */,
				9AB7E2FE2B3397DA004E83A7 /* GameTools.swift in Sources */,
				9AB7E2FC2B3394EB004E83A7 /* GameGenerator.swift in Sources */,
				9A27D4712B30371100F8ABFE /* GameViewController.swift in Sources */,
				9A325F602B3283380034120F /* MainMenuScene.swift in Sources */,
				9A27D4692B30371100F8ABFE /* AppDelegate.swift in Sources */,
				9A325F622B3283E50034120F /* Tools.swift in Sources */,
				9AFA12212B38C7FC004E0E30 /* GameModesScene.swift in Sources */,
			);
			runOnlyForDeploymentPostprocessing = 0;
		};
		9A27D47A2B30371500F8ABFE /* Sources */ = {
			isa = PBXSourcesBuildPhase;
			buildActionMask = 2147483647;
			files = (
				9A27D4832B30371500F8ABFE /* Highway_GameTests.swift in Sources */,
			);
			runOnlyForDeploymentPostprocessing = 0;
		};
		9A27D4842B30371500F8ABFE /* Sources */ = {
			isa = PBXSourcesBuildPhase;
			buildActionMask = 2147483647;
			files = (
				9A27D48F2B30371500F8ABFE /* Highway_GameUITestsLaunchTests.swift in Sources */,
				9A27D48D2B30371500F8ABFE /* Highway_GameUITests.swift in Sources */,
			);
			runOnlyForDeploymentPostprocessing = 0;
		};
/* End PBXSourcesBuildPhase section */

/* Begin PBXTargetDependency section */
		9A27D4802B30371500F8ABFE /* PBXTargetDependency */ = {
			isa = PBXTargetDependency;
			target = 9A27D4642B30371000F8ABFE /* Highway Game */;
			targetProxy = 9A27D47F2B30371500F8ABFE /* PBXContainerItemProxy */;
		};
		9A27D48A2B30371500F8ABFE /* PBXTargetDependency */ = {
			isa = PBXTargetDependency;
			target = 9A27D4642B30371000F8ABFE /* Highway Game */;
			targetProxy = 9A27D4892B30371500F8ABFE /* PBXContainerItemProxy */;
		};
/* End PBXTargetDependency section */

/* Begin PBXVariantGroup section */
		9A27D4722B30371100F8ABFE /* Main.storyboard */ = {
			isa = PBXVariantGroup;
			children = (
				9A27D4732B30371100F8ABFE /* Base */,
			);
			name = Main.storyboard;
			sourceTree = "<group>";
		};
		9A27D4772B30371400F8ABFE /* LaunchScreen.storyboard */ = {
			isa = PBXVariantGroup;
			children = (
				9A27D4782B30371400F8ABFE /* Base */,
			);
			name = LaunchScreen.storyboard;
			sourceTree = "<group>";
		};
/* End PBXVariantGroup section */

/* Begin XCBuildConfiguration section */
		9A27D4902B30371500F8ABFE /* Debug */ = {
			isa = XCBuildConfiguration;
			buildSettings = {
				ALWAYS_SEARCH_USER_PATHS = NO;
				ASSETCATALOG_COMPILER_GENERATE_SWIFT_ASSET_SYMBOL_EXTENSIONS = YES;
				CLANG_ANALYZER_NONNULL = YES;
				CLANG_ANALYZER_NUMBER_OBJECT_CONVERSION = YES_AGGRESSIVE;
				CLANG_CXX_LANGUAGE_STANDARD = "gnu++20";
				CLANG_ENABLE_MODULES = YES;
				CLANG_ENABLE_OBJC_ARC = YES;
				CLANG_ENABLE_OBJC_WEAK = YES;
				CLANG_WARN_BLOCK_CAPTURE_AUTORELEASING = YES;
				CLANG_WARN_BOOL_CONVERSION = YES;
				CLANG_WARN_COMMA = YES;
				CLANG_WARN_CONSTANT_CONVERSION = YES;
				CLANG_WARN_DEPRECATED_OBJC_IMPLEMENTATIONS = YES;
				CLANG_WARN_DIRECT_OBJC_ISA_USAGE = YES_ERROR;
				CLANG_WARN_DOCUMENTATION_COMMENTS = YES;
				CLANG_WARN_EMPTY_BODY = YES;
				CLANG_WARN_ENUM_CONVERSION = YES;
				CLANG_WARN_INFINITE_RECURSION = YES;
				CLANG_WARN_INT_CONVERSION = YES;
				CLANG_WARN_NON_LITERAL_NULL_CONVERSION = YES;
				CLANG_WARN_OBJC_IMPLICIT_RETAIN_SELF = YES;
				CLANG_WARN_OBJC_LITERAL_CONVERSION = YES;
				CLANG_WARN_OBJC_ROOT_CLASS = YES_ERROR;
				CLANG_WARN_QUOTED_INCLUDE_IN_FRAMEWORK_HEADER = YES;
				CLANG_WARN_RANGE_LOOP_ANALYSIS = YES;
				CLANG_WARN_STRICT_PROTOTYPES = YES;
				CLANG_WARN_SUSPICIOUS_MOVE = YES;
				CLANG_WARN_UNGUARDED_AVAILABILITY = YES_AGGRESSIVE;
				CLANG_WARN_UNREACHABLE_CODE = YES;
				CLANG_WARN__DUPLICATE_METHOD_MATCH = YES;
				COPY_PHASE_STRIP = NO;
				DEBUG_INFORMATION_FORMAT = dwarf;
				ENABLE_STRICT_OBJC_MSGSEND = YES;
				ENABLE_TESTABILITY = YES;
				ENABLE_USER_SCRIPT_SANDBOXING = YES;
				GCC_C_LANGUAGE_STANDARD = gnu17;
				GCC_DYNAMIC_NO_PIC = NO;
				GCC_NO_COMMON_BLOCKS = YES;
				GCC_OPTIMIZATION_LEVEL = 0;
				GCC_PREPROCESSOR_DEFINITIONS = (
					"DEBUG=1",
					"$(inherited)",
				);
				GCC_WARN_64_TO_32_BIT_CONVERSION = YES;
				GCC_WARN_ABOUT_RETURN_TYPE = YES_ERROR;
				GCC_WARN_UNDECLARED_SELECTOR = YES;
				GCC_WARN_UNINITIALIZED_AUTOS = YES_AGGRESSIVE;
				GCC_WARN_UNUSED_FUNCTION = YES;
				GCC_WARN_UNUSED_VARIABLE = YES;
				IPHONEOS_DEPLOYMENT_TARGET = 17.0;
				LOCALIZATION_PREFERS_STRING_CATALOGS = YES;
				MTL_ENABLE_DEBUG_INFO = INCLUDE_SOURCE;
				MTL_FAST_MATH = YES;
				ONLY_ACTIVE_ARCH = YES;
				SDKROOT = iphoneos;
				SWIFT_ACTIVE_COMPILATION_CONDITIONS = "DEBUG $(inherited)";
				SWIFT_OPTIMIZATION_LEVEL = "-Onone";
			};
			name = Debug;
		};
		9A27D4912B30371500F8ABFE /* Release */ = {
			isa = XCBuildConfiguration;
			buildSettings = {
				ALWAYS_SEARCH_USER_PATHS = NO;
				ASSETCATALOG_COMPILER_GENERATE_SWIFT_ASSET_SYMBOL_EXTENSIONS = YES;
				CLANG_ANALYZER_NONNULL = YES;
				CLANG_ANALYZER_NUMBER_OBJECT_CONVERSION = YES_AGGRESSIVE;
				CLANG_CXX_LANGUAGE_STANDARD = "gnu++20";
				CLANG_ENABLE_MODULES = YES;
				CLANG_ENABLE_OBJC_ARC = YES;
				CLANG_ENABLE_OBJC_WEAK = YES;
				CLANG_WARN_BLOCK_CAPTURE_AUTORELEASING = YES;
				CLANG_WARN_BOOL_CONVERSION = YES;
				CLANG_WARN_COMMA = YES;
				CLANG_WARN_CONSTANT_CONVERSION = YES;
				CLANG_WARN_DEPRECATED_OBJC_IMPLEMENTATIONS = YES;
				CLANG_WARN_DIRECT_OBJC_ISA_USAGE = YES_ERROR;
				CLANG_WARN_DOCUMENTATION_COMMENTS = YES;
				CLANG_WARN_EMPTY_BODY = YES;
				CLANG_WARN_ENUM_CONVERSION = YES;
				CLANG_WARN_INFINITE_RECURSION = YES;
				CLANG_WARN_INT_CONVERSION = YES;
				CLANG_WARN_NON_LITERAL_NULL_CONVERSION = YES;
				CLANG_WARN_OBJC_IMPLICIT_RETAIN_SELF = YES;
				CLANG_WARN_OBJC_LITERAL_CONVERSION = YES;
				CLANG_WARN_OBJC_ROOT_CLASS = YES_ERROR;
				CLANG_WARN_QUOTED_INCLUDE_IN_FRAMEWORK_HEADER = YES;
				CLANG_WARN_RANGE_LOOP_ANALYSIS = YES;
				CLANG_WARN_STRICT_PROTOTYPES = YES;
				CLANG_WARN_SUSPICIOUS_MOVE = YES;
				CLANG_WARN_UNGUARDED_AVAILABILITY = YES_AGGRESSIVE;
				CLANG_WARN_UNREACHABLE_CODE = YES;
				CLANG_WARN__DUPLICATE_METHOD_MATCH = YES;
				COPY_PHASE_STRIP = NO;
				DEBUG_INFORMATION_FORMAT = "dwarf-with-dsym";
				ENABLE_NS_ASSERTIONS = NO;
				ENABLE_STRICT_OBJC_MSGSEND = YES;
				ENABLE_USER_SCRIPT_SANDBOXING = YES;
				GCC_C_LANGUAGE_STANDARD = gnu17;
				GCC_NO_COMMON_BLOCKS = YES;
				GCC_WARN_64_TO_32_BIT_CONVERSION = YES;
				GCC_WARN_ABOUT_RETURN_TYPE = YES_ERROR;
				GCC_WARN_UNDECLARED_SELECTOR = YES;
				GCC_WARN_UNINITIALIZED_AUTOS = YES_AGGRESSIVE;
				GCC_WARN_UNUSED_FUNCTION = YES;
				GCC_WARN_UNUSED_VARIABLE = YES;
				IPHONEOS_DEPLOYMENT_TARGET = 17.0;
				LOCALIZATION_PREFERS_STRING_CATALOGS = YES;
				MTL_ENABLE_DEBUG_INFO = NO;
				MTL_FAST_MATH = YES;
				SDKROOT = iphoneos;
				SWIFT_COMPILATION_MODE = wholemodule;
				VALIDATE_PRODUCT = YES;
			};
			name = Release;
		};
		9A27D4932B30371500F8ABFE /* Debug */ = {
			isa = XCBuildConfiguration;
			buildSettings = {
				ASSETCATALOG_COMPILER_APPICON_NAME = AppIcon;
				ASSETCATALOG_COMPILER_GLOBAL_ACCENT_COLOR_NAME = AccentColor;
				CODE_SIGN_STYLE = Automatic;
				CURRENT_PROJECT_VERSION = 1;
				DEVELOPMENT_TEAM = YX6HQPQFG5;
				GENERATE_INFOPLIST_FILE = YES;
				INFOPLIST_KEY_LSApplicationCategoryType = "public.app-category.games";
				INFOPLIST_KEY_UIApplicationSupportsIndirectInputEvents = YES;
				INFOPLIST_KEY_UILaunchStoryboardName = LaunchScreen;
				INFOPLIST_KEY_UIMainStoryboardFile = Main;
				INFOPLIST_KEY_UIStatusBarHidden = YES;
				INFOPLIST_KEY_UISupportedInterfaceOrientations = UIInterfaceOrientationPortrait;
				INFOPLIST_KEY_UISupportedInterfaceOrientations_iPad = "UIInterfaceOrientationPortrait UIInterfaceOrientationPortraitUpsideDown";
				IPHONEOS_DEPLOYMENT_TARGET = 15.6;
				LD_RUNPATH_SEARCH_PATHS = (
					"$(inherited)",
					"@executable_path/Frameworks",
				);
				MARKETING_VERSION = 1.0;
				PRODUCT_BUNDLE_IDENTIFIER = "com.VadimShicha.Highway-Game";
				PRODUCT_NAME = "$(TARGET_NAME)";
				SWIFT_EMIT_LOC_STRINGS = YES;
				SWIFT_VERSION = 5.0;
				TARGETED_DEVICE_FAMILY = "1,2";
			};
			name = Debug;
		};
		9A27D4942B30371500F8ABFE /* Release */ = {
			isa = XCBuildConfiguration;
			buildSettings = {
				ASSETCATALOG_COMPILER_APPICON_NAME = AppIcon;
				ASSETCATALOG_COMPILER_GLOBAL_ACCENT_COLOR_NAME = AccentColor;
				CODE_SIGN_STYLE = Automatic;
				CURRENT_PROJECT_VERSION = 1;
				DEVELOPMENT_TEAM = YX6HQPQFG5;
				GENERATE_INFOPLIST_FILE = YES;
				INFOPLIST_KEY_LSApplicationCategoryType = "public.app-category.games";
				INFOPLIST_KEY_UIApplicationSupportsIndirectInputEvents = YES;
				INFOPLIST_KEY_UILaunchStoryboardName = LaunchScreen;
				INFOPLIST_KEY_UIMainStoryboardFile = Main;
				INFOPLIST_KEY_UIStatusBarHidden = YES;
				INFOPLIST_KEY_UISupportedInterfaceOrientations = UIInterfaceOrientationPortrait;
				INFOPLIST_KEY_UISupportedInterfaceOrientations_iPad = "UIInterfaceOrientationPortrait UIInterfaceOrientationPortraitUpsideDown";
				IPHONEOS_DEPLOYMENT_TARGET = 15.6;
				LD_RUNPATH_SEARCH_PATHS = (
					"$(inherited)",
					"@executable_path/Frameworks",
				);
				MARKETING_VERSION = 1.0;
				PRODUCT_BUNDLE_IDENTIFIER = "com.VadimShicha.Highway-Game";
				PRODUCT_NAME = "$(TARGET_NAME)";
				SWIFT_EMIT_LOC_STRINGS = YES;
				SWIFT_VERSION = 5.0;
				TARGETED_DEVICE_FAMILY = "1,2";
			};
			name = Release;
		};
		9A27D4962B30371500F8ABFE /* Debug */ = {
			isa = XCBuildConfiguration;
			buildSettings = {
				ALWAYS_EMBED_SWIFT_STANDARD_LIBRARIES = YES;
				BUNDLE_LOADER = "$(TEST_HOST)";
				CODE_SIGN_STYLE = Automatic;
				CURRENT_PROJECT_VERSION = 1;
				DEVELOPMENT_TEAM = YX6HQPQFG5;
				GENERATE_INFOPLIST_FILE = YES;
				IPHONEOS_DEPLOYMENT_TARGET = 17.0;
				MARKETING_VERSION = 1.0;
				PRODUCT_BUNDLE_IDENTIFIER = "com.VadimShicha.Highway-GameTests";
				PRODUCT_NAME = "$(TARGET_NAME)";
				SWIFT_EMIT_LOC_STRINGS = NO;
				SWIFT_VERSION = 5.0;
				TARGETED_DEVICE_FAMILY = "1,2";
				TEST_HOST = "$(BUILT_PRODUCTS_DIR)/Highway Game.app/$(BUNDLE_EXECUTABLE_FOLDER_PATH)/Highway Game";
			};
			name = Debug;
		};
		9A27D4972B30371500F8ABFE /* Release */ = {
			isa = XCBuildConfiguration;
			buildSettings = {
				ALWAYS_EMBED_SWIFT_STANDARD_LIBRARIES = YES;
				BUNDLE_LOADER = "$(TEST_HOST)";
				CODE_SIGN_STYLE = Automatic;
				CURRENT_PROJECT_VERSION = 1;
				DEVELOPMENT_TEAM = YX6HQPQFG5;
				GENERATE_INFOPLIST_FILE = YES;
				IPHONEOS_DEPLOYMENT_TARGET = 17.0;
				MARKETING_VERSION = 1.0;
				PRODUCT_BUNDLE_IDENTIFIER = "com.VadimShicha.Highway-GameTests";
				PRODUCT_NAME = "$(TARGET_NAME)";
				SWIFT_EMIT_LOC_STRINGS = NO;
				SWIFT_VERSION = 5.0;
				TARGETED_DEVICE_FAMILY = "1,2";
				TEST_HOST = "$(BUILT_PRODUCTS_DIR)/Highway Game.app/$(BUNDLE_EXECUTABLE_FOLDER_PATH)/Highway Game";
			};
			name = Release;
		};
		9A27D4992B30371500F8ABFE /* Debug */ = {
			isa = XCBuildConfiguration;
			buildSettings = {
				ALWAYS_EMBED_SWIFT_STANDARD_LIBRARIES = YES;
				CODE_SIGN_STYLE = Automatic;
				CURRENT_PROJECT_VERSION = 1;
				DEVELOPMENT_TEAM = YX6HQPQFG5;
				GENERATE_INFOPLIST_FILE = YES;
				MARKETING_VERSION = 1.0;
				PRODUCT_BUNDLE_IDENTIFIER = "com.VadimShicha.Highway-GameUITests";
				PRODUCT_NAME = "$(TARGET_NAME)";
				SWIFT_EMIT_LOC_STRINGS = NO;
				SWIFT_VERSION = 5.0;
				TARGETED_DEVICE_FAMILY = "1,2";
				TEST_TARGET_NAME = "Highway Game";
			};
			name = Debug;
		};
		9A27D49A2B30371500F8ABFE /* Release */ = {
			isa = XCBuildConfiguration;
			buildSettings = {
				ALWAYS_EMBED_SWIFT_STANDARD_LIBRARIES = YES;
				CODE_SIGN_STYLE = Automatic;
				CURRENT_PROJECT_VERSION = 1;
				DEVELOPMENT_TEAM = YX6HQPQFG5;
				GENERATE_INFOPLIST_FILE = YES;
				MARKETING_VERSION = 1.0;
				PRODUCT_BUNDLE_IDENTIFIER = "com.VadimShicha.Highway-GameUITests";
				PRODUCT_NAME = "$(TARGET_NAME)";
				SWIFT_EMIT_LOC_STRINGS = NO;
				SWIFT_VERSION = 5.0;
				TARGETED_DEVICE_FAMILY = "1,2";
				TEST_TARGET_NAME = "Highway Game";
			};
			name = Release;
		};
/* End XCBuildConfiguration section */

/* Begin XCConfigurationList section */
		9A27D4602B30371000F8ABFE /* Build configuration list for PBXProject "Highway Game" */ = {
			isa = XCConfigurationList;
			buildConfigurations = (
				9A27D4902B30371500F8ABFE /* Debug */,
				9A27D4912B30371500F8ABFE /* Release */,
			);
			defaultConfigurationIsVisible = 0;
			defaultConfigurationName = Release;
		};
		9A27D4922B30371500F8ABFE /* Build configuration list for PBXNativeTarget "Highway Game" */ = {
			isa = XCConfigurationList;
			buildConfigurations = (
				9A27D4932B30371500F8ABFE /* Debug */,
				9A27D4942B30371500F8ABFE /* Release */,
			);
			defaultConfigurationIsVisible = 0;
			defaultConfigurationName = Release;
		};
		9A27D4952B30371500F8ABFE /* Build configuration list for PBXNativeTarget "Highway GameTests" */ = {
			isa = XCConfigurationList;
			buildConfigurations = (
				9A27D4962B30371500F8ABFE /* Debug */,
				9A27D4972B30371500F8ABFE /* Release */,
			);
			defaultConfigurationIsVisible = 0;
			defaultConfigurationName = Release;
		};
		9A27D4982B30371500F8ABFE /* Build configuration list for PBXNativeTarget "Highway GameUITests" */ = {
			isa = XCConfigurationList;
			buildConfigurations = (
				9A27D4992B30371500F8ABFE /* Debug */,
				9A27D49A2B30371500F8ABFE /* Release */,
			);
			defaultConfigurationIsVisible = 0;
			defaultConfigurationName = Release;
		};
/* End XCConfigurationList section */
	};
	rootObject = 9A27D45D2B30371000F8ABFE /* Project object */;
}
